PODS:
  - Alamofire (5.6.2)
  - AlamofireImage (4.2.0):
    - Alamofire (~> 5.4)
  - ReachabilitySwift (5.0.0)

DEPENDENCIES:
  - Alamofire
  - AlamofireImage (~> 4.1)
  - ReachabilitySwift

SPEC REPOS:
  trunk:
    - Alamofire
    - AlamofireImage
    - ReachabilitySwift

SPEC CHECKSUMS:
  Alamofire: d368e1ff8a298e6dde360e35a3e68e6c610e7204
  AlamofireImage: 34a2d90b0e5fe6a5605f85ae4b7b01e784c60192
  ReachabilitySwift: 985039c6f7b23a1da463388634119492ff86c825

PODFILE CHECKSUM: ba9963fd28823f76e91975c8adb55fc9ace9bd3b

COCOAPODS: 1.11.3
