// !$*UTF8*$!
{
	archiveVersion = 1;
	classes = {
	};
	objectVersion = 56;
	objects = {

/* Begin PBXBuildFile section */
		15B35FA780458E4CB74C9542 /* Pods_PetFinder.framework in Frameworks */ = {isa = PBXBuildFile; fileRef = 9D2991EEFF9D4341FD0A8C09 /* Pods_PetFinder.framework */; };
		1A1238A328D87204001740F0 /* AppDelegate.swift in Sources */ = {isa = PBXBuildFile; fileRef = 1A1238A228D87204001740F0 /* AppDelegate.swift */; };
		1A1238A728D87204001740F0 /* HomeViewController.swift in Sources */ = {isa = PBXBuildFile; fileRef = 1A1238A628D87204001740F0 /* HomeViewController.swift */; };
		1A1238AC28D87205001740F0 /* Assets.xcassets in Resources */ = {isa = PBXBuildFile; fileRef = 1A1238AB28D87205001740F0 /* Assets.xcassets */; };
		1A1238AF28D87205001740F0 /* LaunchScreen.storyboard in Resources */ = {isa = PBXBuildFile; fileRef = 1A1238AD28D87205001740F0 /* LaunchScreen.storyboard */; };
		1A1238BA28D87205001740F0 /* PetFinderTests.swift in Sources */ = {isa = PBXBuildFile; fileRef = 1A1238B928D87205001740F0 /* PetFinderTests.swift */; };
		1A1238C428D87205001740F0 /* PetFinderUITests.swift in Sources */ = {isa = PBXBuildFile; fileRef = 1A1238C328D87205001740F0 /* PetFinderUITests.swift */; };
		1A1238C628D87205001740F0 /* PetFinderUITestsLaunchTests.swift in Sources */ = {isa = PBXBuildFile; fileRef = 1A1238C528D87205001740F0 /* PetFinderUITestsLaunchTests.swift */; };
		1A30C79728FEC72500FAB9C1 /* AnimalTypeViewModel.swift in Sources */ = {isa = PBXBuildFile; fileRef = 1A30C79628FEC72500FAB9C1 /* AnimalTypeViewModel.swift */; };
		1A47540828D8AD62007A1F94 /* SecureStoreError.swift in Sources */ = {isa = PBXBuildFile; fileRef = 1A47540528D8AD62007A1F94 /* SecureStoreError.swift */; };
		1A47540928D8AD62007A1F94 /* SecureStore.swift in Sources */ = {isa = PBXBuildFile; fileRef = 1A47540628D8AD62007A1F94 /* SecureStore.swift */; };
		1A47540A28D8AD62007A1F94 /* SecureStoreQueryable.swift in Sources */ = {isa = PBXBuildFile; fileRef = 1A47540728D8AD62007A1F94 /* SecureStoreQueryable.swift */; };
		1A47541128D8AE38007A1F94 /* PetfinderAccessToken.swift in Sources */ = {isa = PBXBuildFile; fileRef = 1A47540E28D8AE38007A1F94 /* PetfinderAccessToken.swift */; };
		1A47541228D8AE38007A1F94 /* TokenManager.swift in Sources */ = {isa = PBXBuildFile; fileRef = 1A47540F28D8AE38007A1F94 /* TokenManager.swift */; };
		1A47541328D8AE38007A1F94 /* PetfinderServiceConstants.swift in Sources */ = {isa = PBXBuildFile; fileRef = 1A47541028D8AE38007A1F94 /* PetfinderServiceConstants.swift */; };
		1A47541928D8B119007A1F94 /* PetfinderAPIManager.swift in Sources */ = {isa = PBXBuildFile; fileRef = 1A47541628D8B119007A1F94 /* PetfinderAPIManager.swift */; };
		1A47541A28D8B119007A1F94 /* PetserviceApiRouter.swift in Sources */ = {isa = PBXBuildFile; fileRef = 1A47541728D8B119007A1F94 /* PetserviceApiRouter.swift */; };
		1A47542228D8CE3A007A1F94 /* AnimalTypes.swift in Sources */ = {isa = PBXBuildFile; fileRef = 1A47542128D8CE3A007A1F94 /* AnimalTypes.swift */; };
		1A67B89128D881B1004D0923 /* Podfile in Resources */ = {isa = PBXBuildFile; fileRef = 1A67B89028D881B1004D0923 /* Podfile */; };
		3C4579BFB8763A1A902B7DB6 /* Pods_PetFinder_PetFinderUITests.framework in Frameworks */ = {isa = PBXBuildFile; fileRef = EFA7BC98E53E6F20A0B648B5 /* Pods_PetFinder_PetFinderUITests.framework */; };
		3E874C49BCAFE1D5DFCE2F22 /* Pods_PetFinderTests.framework in Frameworks */ = {isa = PBXBuildFile; fileRef = 67D98B54577B50343194C207 /* Pods_PetFinderTests.framework */; };
/* End PBXBuildFile section */

/* Begin PBXContainerItemProxy section */
		1A1238B628D87205001740F0 /* PBXContainerItemProxy */ = {
			isa = PBXContainerItemProxy;
			containerPortal = 1A12389728D87204001740F0 /* Project object */;
			proxyType = 1;
			remoteGlobalIDString = 1A12389E28D87204001740F0;
			remoteInfo = PetFinder;
		};
		1A1238C028D87205001740F0 /* PBXContainerItemProxy */ = {
			isa = PBXContainerItemProxy;
			containerPortal = 1A12389728D87204001740F0 /* Project object */;
			proxyType = 1;
			remoteGlobalIDString = 1A12389E28D87204001740F0;
			remoteInfo = PetFinder;
		};
/* End PBXContainerItemProxy section */

/* Begin PBXFileReference section */
		1A12389F28D87204001740F0 /* PetFinder.app */ = {isa = PBXFileReference; explicitFileType = wrapper.application; includeInIndex = 0; path = PetFinder.app; sourceTree = BUILT_PRODUCTS_DIR; };
		1A1238A228D87204001740F0 /* AppDelegate.swift */ = {isa = PBXFileReference; lastKnownFileType = sourcecode.swift; path = AppDelegate.swift; sourceTree = "<group>"; };
		1A1238A628D87204001740F0 /* HomeViewController.swift */ = {isa = PBXFileReference; lastKnownFileType = sourcecode.swift; path = HomeViewController.swift; sourceTree = "<group>"; };
		1A1238AB28D87205001740F0 /* Assets.xcassets */ = {isa = PBXFileReference; lastKnownFileType = folder.assetcatalog; path = Assets.xcassets; sourceTree = "<group>"; };
		1A1238AE28D87205001740F0 /* Base */ = {isa = PBXFileReference; lastKnownFileType = file.storyboard; name = Base; path = Base.lproj/LaunchScreen.storyboard; sourceTree = "<group>"; };
		1A1238B028D87205001740F0 /* Info.plist */ = {isa = PBXFileReference; lastKnownFileType = text.plist.xml; path = Info.plist; sourceTree = "<group>"; };
		1A1238B528D87205001740F0 /* PetFinderTests.xctest */ = {isa = PBXFileReference; explicitFileType = wrapper.cfbundle; includeInIndex = 0; path = PetFinderTests.xctest; sourceTree = BUILT_PRODUCTS_DIR; };
		1A1238B928D87205001740F0 /* PetFinderTests.swift */ = {isa = PBXFileReference; lastKnownFileType = sourcecode.swift; path = PetFinderTests.swift; sourceTree = "<group>"; };
		1A1238BF28D87205001740F0 /* PetFinderUITests.xctest */ = {isa = PBXFileReference; explicitFileType = wrapper.cfbundle; includeInIndex = 0; path = PetFinderUITests.xctest; sourceTree = BUILT_PRODUCTS_DIR; };
		1A1238C328D87205001740F0 /* PetFinderUITests.swift */ = {isa = PBXFileReference; lastKnownFileType = sourcecode.swift; path = PetFinderUITests.swift; sourceTree = "<group>"; };
		1A1238C528D87205001740F0 /* PetFinderUITestsLaunchTests.swift */ = {isa = PBXFileReference; lastKnownFileType = sourcecode.swift; path = PetFinderUITestsLaunchTests.swift; sourceTree = "<group>"; };
		1A1238D228D87249001740F0 /* Readme.md */ = {isa = PBXFileReference; lastKnownFileType = net.daringfireball.markdown; path = Readme.md; sourceTree = "<group>"; };
		1A30C79628FEC72500FAB9C1 /* AnimalTypeViewModel.swift */ = {isa = PBXFileReference; lastKnownFileType = sourcecode.swift; path = AnimalTypeViewModel.swift; sourceTree = "<group>"; };
		1A4753F228D88DE8007A1F94 /* PetfinderApiConfig.xcconfig */ = {isa = PBXFileReference; lastKnownFileType = text.xcconfig; path = PetfinderApiConfig.xcconfig; sourceTree = "<group>"; };
		1A47540528D8AD62007A1F94 /* SecureStoreError.swift */ = {isa = PBXFileReference; fileEncoding = 4; lastKnownFileType = sourcecode.swift; path = SecureStoreError.swift; sourceTree = "<group>"; };
		1A47540628D8AD62007A1F94 /* SecureStore.swift */ = {isa = PBXFileReference; fileEncoding = 4; lastKnownFileType = sourcecode.swift; path = SecureStore.swift; sourceTree = "<group>"; };
		1A47540728D8AD62007A1F94 /* SecureStoreQueryable.swift */ = {isa = PBXFileReference; fileEncoding = 4; lastKnownFileType = sourcecode.swift; path = SecureStoreQueryable.swift; sourceTree = "<group>"; };
		1A47540E28D8AE38007A1F94 /* PetfinderAccessToken.swift */ = {isa = PBXFileReference; fileEncoding = 4; lastKnownFileType = sourcecode.swift; path = PetfinderAccessToken.swift; sourceTree = "<group>"; };
		1A47540F28D8AE38007A1F94 /* TokenManager.swift */ = {isa = PBXFileReference; fileEncoding = 4; lastKnownFileType = sourcecode.swift; path = TokenManager.swift; sourceTree = "<group>"; };
		1A47541028D8AE38007A1F94 /* PetfinderServiceConstants.swift */ = {isa = PBXFileReference; fileEncoding = 4; lastKnownFileType = sourcecode.swift; path = PetfinderServiceConstants.swift; sourceTree = "<group>"; };
		1A47541628D8B119007A1F94 /* PetfinderAPIManager.swift */ = {isa = PBXFileReference; fileEncoding = 4; lastKnownFileType = sourcecode.swift; path = PetfinderAPIManager.swift; sourceTree = "<group>"; };
		1A47541728D8B119007A1F94 /* PetserviceApiRouter.swift */ = {isa = PBXFileReference; fileEncoding = 4; lastKnownFileType = sourcecode.swift; path = PetserviceApiRouter.swift; sourceTree = "<group>"; };
		1A47542128D8CE3A007A1F94 /* AnimalTypes.swift */ = {isa = PBXFileReference; lastKnownFileType = sourcecode.swift; path = AnimalTypes.swift; sourceTree = "<group>"; };
		1A67B89028D881B1004D0923 /* Podfile */ = {isa = PBXFileReference; fileEncoding = 4; lastKnownFileType = text; path = Podfile; sourceTree = SOURCE_ROOT; };
		27B9B209C27B02866B3EE0F9 /* Pods-PetFinder-PetFinderUITests.debug.xcconfig */ = {isa = PBXFileReference; includeInIndex = 1; lastKnownFileType = text.xcconfig; name = "Pods-PetFinder-PetFinderUITests.debug.xcconfig"; path = "Target Support Files/Pods-PetFinder-PetFinderUITests/Pods-PetFinder-PetFinderUITests.debug.xcconfig"; sourceTree = "<group>"; };
		65C1EAF82CB872156C9431E7 /* Pods-PetFinderTests.debug.xcconfig */ = {isa = PBXFileReference; includeInIndex = 1; lastKnownFileType = text.xcconfig; name = "Pods-PetFinderTests.debug.xcconfig"; path = "Target Support Files/Pods-PetFinderTests/Pods-PetFinderTests.debug.xcconfig"; sourceTree = "<group>"; };
		67D98B54577B50343194C207 /* Pods_PetFinderTests.framework */ = {isa = PBXFileReference; explicitFileType = wrapper.framework; includeInIndex = 0; path = Pods_PetFinderTests.framework; sourceTree = BUILT_PRODUCTS_DIR; };
		843876AAEA081379E7E13114 /* Pods-PetFinderTests.release.xcconfig */ = {isa = PBXFileReference; includeInIndex = 1; lastKnownFileType = text.xcconfig; name = "Pods-PetFinderTests.release.xcconfig"; path = "Target Support Files/Pods-PetFinderTests/Pods-PetFinderTests.release.xcconfig"; sourceTree = "<group>"; };
		8A0BAE81F32EF643912804B4 /* Pods-PetFinder.debug.xcconfig */ = {isa = PBXFileReference; includeInIndex = 1; lastKnownFileType = text.xcconfig; name = "Pods-PetFinder.debug.xcconfig"; path = "Target Support Files/Pods-PetFinder/Pods-PetFinder.debug.xcconfig"; sourceTree = "<group>"; };
		9D2991EEFF9D4341FD0A8C09 /* Pods_PetFinder.framework */ = {isa = PBXFileReference; explicitFileType = wrapper.framework; includeInIndex = 0; path = Pods_PetFinder.framework; sourceTree = BUILT_PRODUCTS_DIR; };
		BB6FD319401E20B860042892 /* Pods-PetFinder-PetFinderUITests.release.xcconfig */ = {isa = PBXFileReference; includeInIndex = 1; lastKnownFileType = text.xcconfig; name = "Pods-PetFinder-PetFinderUITests.release.xcconfig"; path = "Target Support Files/Pods-PetFinder-PetFinderUITests/Pods-PetFinder-PetFinderUITests.release.xcconfig"; sourceTree = "<group>"; };
		EFA7BC98E53E6F20A0B648B5 /* Pods_PetFinder_PetFinderUITests.framework */ = {isa = PBXFileReference; explicitFileType = wrapper.framework; includeInIndex = 0; path = Pods_PetFinder_PetFinderUITests.framework; sourceTree = BUILT_PRODUCTS_DIR; };
		FE6C9E669AC2A55D1B3172D2 /* Pods-PetFinder.release.xcconfig */ = {isa = PBXFileReference; includeInIndex = 1; lastKnownFileType = text.xcconfig; name = "Pods-PetFinder.release.xcconfig"; path = "Target Support Files/Pods-PetFinder/Pods-PetFinder.release.xcconfig"; sourceTree = "<group>"; };
/* End PBXFileReference section */

/* Begin PBXFrameworksBuildPhase section */
		1A12389C28D87204001740F0 /* Frameworks */ = {
			isa = PBXFrameworksBuildPhase;
			buildActionMask = 2147483647;
			files = (
				15B35FA780458E4CB74C9542 /* Pods_PetFinder.framework in Frameworks */,
			);
			runOnlyForDeploymentPostprocessing = 0;
		};
		1A1238B228D87205001740F0 /* Frameworks */ = {
			isa = PBXFrameworksBuildPhase;
			buildActionMask = 2147483647;
			files = (
				3E874C49BCAFE1D5DFCE2F22 /* Pods_PetFinderTests.framework in Frameworks */,
			);
			runOnlyForDeploymentPostprocessing = 0;
		};
		1A1238BC28D87205001740F0 /* Frameworks */ = {
			isa = PBXFrameworksBuildPhase;
			buildActionMask = 2147483647;
			files = (
				3C4579BFB8763A1A902B7DB6 /* Pods_PetFinder_PetFinderUITests.framework in Frameworks */,
			);
			runOnlyForDeploymentPostprocessing = 0;
		};
/* End PBXFrameworksBuildPhase section */

/* Begin PBXGroup section */
		1A12389628D87204001740F0 = {
			isa = PBXGroup;
			children = (
				1A1238D228D87249001740F0 /* Readme.md */,
				1A1238A128D87204001740F0 /* PetFinder */,
				1A1238B828D87205001740F0 /* PetFinderTests */,
				1A1238C228D87205001740F0 /* PetFinderUITests */,
				1A1238A028D87204001740F0 /* Products */,
				EC7672825E4A6683B06AA341 /* Pods */,
				220E0878A5E3881619EC1E34 /* Frameworks */,
			);
			sourceTree = "<group>";
		};
		1A1238A028D87204001740F0 /* Products */ = {
			isa = PBXGroup;
			children = (
				1A12389F28D87204001740F0 /* PetFinder.app */,
				1A1238B528D87205001740F0 /* PetFinderTests.xctest */,
				1A1238BF28D87205001740F0 /* PetFinderUITests.xctest */,
			);
			name = Products;
			sourceTree = "<group>";
		};
		1A1238A128D87204001740F0 /* PetFinder */ = {
			isa = PBXGroup;
			children = (
				1A30C79528FEC6E300FAB9C1 /* ViewModels */,
				1A4753F928D8A74B007A1F94 /* Models */,
				1A1238D928D87EE6001740F0 /* ViewControllers */,
				1A1238D328D87D5A001740F0 /* Common */,
				1A1238DA28D87F04001740F0 /* Resources */,
				1A1238A228D87204001740F0 /* AppDelegate.swift */,
				1A67B89028D881B1004D0923 /* Podfile */,
			);
			path = PetFinder;
			sourceTree = "<group>";
		};
		1A1238B828D87205001740F0 /* PetFinderTests */ = {
			isa = PBXGroup;
			children = (
				1A1238B928D87205001740F0 /* PetFinderTests.swift */,
			);
			path = PetFinderTests;
			sourceTree = "<group>";
		};
		1A1238C228D87205001740F0 /* PetFinderUITests */ = {
			isa = PBXGroup;
			children = (
				1A1238C328D87205001740F0 /* PetFinderUITests.swift */,
				1A1238C528D87205001740F0 /* PetFinderUITestsLaunchTests.swift */,
			);
			path = PetFinderUITests;
			sourceTree = "<group>";
		};
		1A1238D328D87D5A001740F0 /* Common */ = {
			isa = PBXGroup;
			children = (
				1A4753F628D89C47007A1F94 /* PetfinderServices */,
				1A1238D428D87D72001740F0 /* Utils */,
			);
			path = Common;
			sourceTree = "<group>";
		};
		1A1238D428D87D72001740F0 /* Utils */ = {
			isa = PBXGroup;
			children = (
				1A47540D28D8AE38007A1F94 /* Oauth */,
				1A47540428D8AD62007A1F94 /* SecureStore */,
			);
			path = Utils;
			sourceTree = "<group>";
		};
		1A1238D928D87EE6001740F0 /* ViewControllers */ = {
			isa = PBXGroup;
			children = (
				1A1238A628D87204001740F0 /* HomeViewController.swift */,
			);
			name = ViewControllers;
			sourceTree = "<group>";
		};
		1A1238DA28D87F04001740F0 /* Resources */ = {
			isa = PBXGroup;
			children = (
				1A1238B028D87205001740F0 /* Info.plist */,
				1A1238AB28D87205001740F0 /* Assets.xcassets */,
				1A1238AD28D87205001740F0 /* LaunchScreen.storyboard */,
				1A4753F228D88DE8007A1F94 /* PetfinderApiConfig.xcconfig */,
			);
			name = Resources;
			sourceTree = "<group>";
		};
		1A30C79528FEC6E300FAB9C1 /* ViewModels */ = {
			isa = PBXGroup;
			children = (
				1A30C79628FEC72500FAB9C1 /* AnimalTypeViewModel.swift */,
			);
			name = ViewModels;
			sourceTree = "<group>";
		};
		1A4753F628D89C47007A1F94 /* PetfinderServices */ = {
			isa = PBXGroup;
			children = (
				1A47541628D8B119007A1F94 /* PetfinderAPIManager.swift */,
				1A47541728D8B119007A1F94 /* PetserviceApiRouter.swift */,
			);
			path = PetfinderServices;
			sourceTree = "<group>";
		};
		1A4753F928D8A74B007A1F94 /* Models */ = {
			isa = PBXGroup;
			children = (
				1A47542128D8CE3A007A1F94 /* AnimalTypes.swift */,
			);
			name = Models;
			sourceTree = "<group>";
		};
		1A47540428D8AD62007A1F94 /* SecureStore */ = {
			isa = PBXGroup;
			children = (
				1A47540528D8AD62007A1F94 /* SecureStoreError.swift */,
				1A47540628D8AD62007A1F94 /* SecureStore.swift */,
				1A47540728D8AD62007A1F94 /* SecureStoreQueryable.swift */,
			);
			path = SecureStore;
			sourceTree = "<group>";
		};
		1A47540D28D8AE38007A1F94 /* Oauth */ = {
			isa = PBXGroup;
			children = (
				1A47540E28D8AE38007A1F94 /* PetfinderAccessToken.swift */,
				1A47540F28D8AE38007A1F94 /* TokenManager.swift */,
				1A47541028D8AE38007A1F94 /* PetfinderServiceConstants.swift */,
			);
			path = Oauth;
			sourceTree = "<group>";
		};
		220E0878A5E3881619EC1E34 /* Frameworks */ = {
			isa = PBXGroup;
			children = (
				9D2991EEFF9D4341FD0A8C09 /* Pods_PetFinder.framework */,
				EFA7BC98E53E6F20A0B648B5 /* Pods_PetFinder_PetFinderUITests.framework */,
				67D98B54577B50343194C207 /* Pods_PetFinderTests.framework */,
			);
			name = Frameworks;
			sourceTree = "<group>";
		};
		EC7672825E4A6683B06AA341 /* Pods */ = {
			isa = PBXGroup;
			children = (
				8A0BAE81F32EF643912804B4 /* Pods-PetFinder.debug.xcconfig */,
				FE6C9E669AC2A55D1B3172D2 /* Pods-PetFinder.release.xcconfig */,
				27B9B209C27B02866B3EE0F9 /* Pods-PetFinder-PetFinderUITests.debug.xcconfig */,
				BB6FD319401E20B860042892 /* Pods-PetFinder-PetFinderUITests.release.xcconfig */,
				65C1EAF82CB872156C9431E7 /* Pods-PetFinderTests.debug.xcconfig */,
				843876AAEA081379E7E13114 /* Pods-PetFinderTests.release.xcconfig */,
			);
			path = Pods;
			sourceTree = "<group>";
		};
/* End PBXGroup section */

/* Begin PBXNativeTarget section */
		1A12389E28D87204001740F0 /* PetFinder */ = {
			isa = PBXNativeTarget;
			buildConfigurationList = 1A1238C928D87205001740F0 /* Build configuration list for PBXNativeTarget "PetFinder" */;
			buildPhases = (
				E55F65FA29424FFCB5D8FDC2 /* [CP] Check Pods Manifest.lock */,
				1A12389B28D87204001740F0 /* Sources */,
				1A12389C28D87204001740F0 /* Frameworks */,
				1A12389D28D87204001740F0 /* Resources */,
				8AE4DABABC017041036AB248 /* [CP] Embed Pods Frameworks */,
			);
			buildRules = (
			);
			dependencies = (
			);
			name = PetFinder;
			productName = PetFinder;
			productReference = 1A12389F28D87204001740F0 /* PetFinder.app */;
			productType = "com.apple.product-type.application";
		};
		1A1238B428D87205001740F0 /* PetFinderTests */ = {
			isa = PBXNativeTarget;
			buildConfigurationList = 1A1238CC28D87205001740F0 /* Build configuration list for PBXNativeTarget "PetFinderTests" */;
			buildPhases = (
				4ADD742DAB1C6B36620A35F9 /* [CP] Check Pods Manifest.lock */,
				1A1238B128D87205001740F0 /* Sources */,
				1A1238B228D87205001740F0 /* Frameworks */,
				1A1238B328D87205001740F0 /* Resources */,
			);
			buildRules = (
			);
			dependencies = (
				1A1238B728D87205001740F0 /* PBXTargetDependency */,
			);
			name = PetFinderTests;
			productName = PetFinderTests;
			productReference = 1A1238B528D87205001740F0 /* PetFinderTests.xctest */;
			productType = "com.apple.product-type.bundle.unit-test";
		};
		1A1238BE28D87205001740F0 /* PetFinderUITests */ = {
			isa = PBXNativeTarget;
			buildConfigurationList = 1A1238CF28D87205001740F0 /* Build configuration list for PBXNativeTarget "PetFinderUITests" */;
			buildPhases = (
				CF5F865F42182FA7595B553F /* [CP] Check Pods Manifest.lock */,
				1A1238BB28D87205001740F0 /* Sources */,
				1A1238BC28D87205001740F0 /* Frameworks */,
				1A1238BD28D87205001740F0 /* Resources */,
				9F2FDCC28147B0B87A1A97E7 /* [CP] Embed Pods Frameworks */,
			);
			buildRules = (
			);
			dependencies = (
				1A1238C128D87205001740F0 /* PBXTargetDependency */,
			);
			name = PetFinderUITests;
			productName = PetFinderUITests;
			productReference = 1A1238BF28D87205001740F0 /* PetFinderUITests.xctest */;
			productType = "com.apple.product-type.bundle.ui-testing";
		};
/* End PBXNativeTarget section */

/* Begin PBXProject section */
		1A12389728D87204001740F0 /* Project object */ = {
			isa = PBXProject;
			attributes = {
				BuildIndependentTargetsInParallel = 1;
				LastSwiftUpdateCheck = 1400;
				LastUpgradeCheck = 1400;
				TargetAttributes = {
					1A12389E28D87204001740F0 = {
						CreatedOnToolsVersion = 14.0;
					};
					1A1238B428D87205001740F0 = {
						CreatedOnToolsVersion = 14.0;
						TestTargetID = 1A12389E28D87204001740F0;
					};
					1A1238BE28D87205001740F0 = {
						CreatedOnToolsVersion = 14.0;
						TestTargetID = 1A12389E28D87204001740F0;
					};
				};
			};
			buildConfigurationList = 1A12389A28D87204001740F0 /* Build configuration list for PBXProject "PetFinder" */;
			compatibilityVersion = "Xcode 14.0";
			developmentRegion = en;
			hasScannedForEncodings = 0;
			knownRegions = (
				en,
				Base,
			);
			mainGroup = 1A12389628D87204001740F0;
			productRefGroup = 1A1238A028D87204001740F0 /* Products */;
			projectDirPath = "";
			projectRoot = "";
			targets = (
				1A12389E28D87204001740F0 /* PetFinder */,
				1A1238B428D87205001740F0 /* PetFinderTests */,
				1A1238BE28D87205001740F0 /* PetFinderUITests */,
			);
		};
/* End PBXProject section */

/* Begin PBXResourcesBuildPhase section */
		1A12389D28D87204001740F0 /* Resources */ = {
			isa = PBXResourcesBuildPhase;
			buildActionMask = 2147483647;
			files = (
				1A67B89128D881B1004D0923 /* Podfile in Resources */,
				1A1238AF28D87205001740F0 /* LaunchScreen.storyboard in Resources */,
				1A1238AC28D87205001740F0 /* Assets.xcassets in Resources */,
			);
			runOnlyForDeploymentPostprocessing = 0;
		};
		1A1238B328D87205001740F0 /* Resources */ = {
			isa = PBXResourcesBuildPhase;
			buildActionMask = 2147483647;
			files = (
			);
			runOnlyForDeploymentPostprocessing = 0;
		};
		1A1238BD28D87205001740F0 /* Resources */ = {
			isa = PBXResourcesBuildPhase;
			buildActionMask = 2147483647;
			files = (
			);
			runOnlyForDeploymentPostprocessing = 0;
		};
/* End PBXResourcesBuildPhase section */

/* Begin PBXShellScriptBuildPhase section */
		4ADD742DAB1C6B36620A35F9 /* [CP] Check Pods Manifest.lock */ = {
			isa = PBXShellScriptBuildPhase;
			buildActionMask = 2147483647;
			files = (
			);
			inputFileListPaths = (
			);
			inputPaths = (
				"${PODS_PODFILE_DIR_PATH}/Podfile.lock",
				"${PODS_ROOT}/Manifest.lock",
			);
			name = "[CP] Check Pods Manifest.lock";
			outputFileListPaths = (
			);
			outputPaths = (
				"$(DERIVED_FILE_DIR)/Pods-PetFinderTests-checkManifestLockResult.txt",
			);
			runOnlyForDeploymentPostprocessing = 0;
			shellPath = /bin/sh;
			shellScript = "diff \"${PODS_PODFILE_DIR_PATH}/Podfile.lock\" \"${PODS_ROOT}/Manifest.lock\" > /dev/null\nif [ $? != 0 ] ; then\n    # print error to STDERR\n    echo \"error: The sandbox is not in sync with the Podfile.lock. Run 'pod install' or update your CocoaPods installation.\" >&2\n    exit 1\nfi\n# This output is used by Xcode 'outputs' to avoid re-running this script phase.\necho \"SUCCESS\" > \"${SCRIPT_OUTPUT_FILE_0}\"\n";
			showEnvVarsInLog = 0;
		};
		8AE4DABABC017041036AB248 /* [CP] Embed Pods Frameworks */ = {
			isa = PBXShellScriptBuildPhase;
			buildActionMask = 2147483647;
			files = (
			);
			inputFileListPaths = (
				"${PODS_ROOT}/Target Support Files/Pods-PetFinder/Pods-PetFinder-frameworks-${CONFIGURATION}-input-files.xcfilelist",
			);
			name = "[CP] Embed Pods Frameworks";
			outputFileListPaths = (
				"${PODS_ROOT}/Target Support Files/Pods-PetFinder/Pods-PetFinder-frameworks-${CONFIGURATION}-output-files.xcfilelist",
			);
			runOnlyForDeploymentPostprocessing = 0;
			shellPath = /bin/sh;
			shellScript = "\"${PODS_ROOT}/Target Support Files/Pods-PetFinder/Pods-PetFinder-frameworks.sh\"\n";
			showEnvVarsInLog = 0;
		};
		9F2FDCC28147B0B87A1A97E7 /* [CP] Embed Pods Frameworks */ = {
			isa = PBXShellScriptBuildPhase;
			buildActionMask = 2147483647;
			files = (
			);
			inputFileListPaths = (
				"${PODS_ROOT}/Target Support Files/Pods-PetFinder-PetFinderUITests/Pods-PetFinder-PetFinderUITests-frameworks-${CONFIGURATION}-input-files.xcfilelist",
			);
			name = "[CP] Embed Pods Frameworks";
			outputFileListPaths = (
				"${PODS_ROOT}/Target Support Files/Pods-PetFinder-PetFinderUITests/Pods-PetFinder-PetFinderUITests-frameworks-${CONFIGURATION}-output-files.xcfilelist",
			);
			runOnlyForDeploymentPostprocessing = 0;
			shellPath = /bin/sh;
			shellScript = "\"${PODS_ROOT}/Target Support Files/Pods-PetFinder-PetFinderUITests/Pods-PetFinder-PetFinderUITests-frameworks.sh\"\n";
			showEnvVarsInLog = 0;
		};
		CF5F865F42182FA7595B553F /* [CP] Check Pods Manifest.lock */ = {
			isa = PBXShellScriptBuildPhase;
			buildActionMask = 2147483647;
			files = (
			);
			inputFileListPaths = (
			);
			inputPaths = (
				"${PODS_PODFILE_DIR_PATH}/Podfile.lock",
				"${PODS_ROOT}/Manifest.lock",
			);
			name = "[CP] Check Pods Manifest.lock";
			outputFileListPaths = (
			);
			outputPaths = (
				"$(DERIVED_FILE_DIR)/Pods-PetFinder-PetFinderUITests-checkManifestLockResult.txt",
			);
			runOnlyForDeploymentPostprocessing = 0;
			shellPath = /bin/sh;
			shellScript = "diff \"${PODS_PODFILE_DIR_PATH}/Podfile.lock\" \"${PODS_ROOT}/Manifest.lock\" > /dev/null\nif [ $? != 0 ] ; then\n    # print error to STDERR\n    echo \"error: The sandbox is not in sync with the Podfile.lock. Run 'pod install' or update your CocoaPods installation.\" >&2\n    exit 1\nfi\n# This output is used by Xcode 'outputs' to avoid re-running this script phase.\necho \"SUCCESS\" > \"${SCRIPT_OUTPUT_FILE_0}\"\n";
			showEnvVarsInLog = 0;
		};
		E55F65FA29424FFCB5D8FDC2 /* [CP] Check Pods Manifest.lock */ = {
			isa = PBXShellScriptBuildPhase;
			buildActionMask = 2147483647;
			files = (
			);
			inputFileListPaths = (
			);
			inputPaths = (
				"${PODS_PODFILE_DIR_PATH}/Podfile.lock",
				"${PODS_ROOT}/Manifest.lock",
			);
			name = "[CP] Check Pods Manifest.lock";
			outputFileListPaths = (
			);
			outputPaths = (
				"$(DERIVED_FILE_DIR)/Pods-PetFinder-checkManifestLockResult.txt",
			);
			runOnlyForDeploymentPostprocessing = 0;
			shellPath = /bin/sh;
			shellScript = "diff \"${PODS_PODFILE_DIR_PATH}/Podfile.lock\" \"${PODS_ROOT}/Manifest.lock\" > /dev/null\nif [ $? != 0 ] ; then\n    # print error to STDERR\n    echo \"error: The sandbox is not in sync with the Podfile.lock. Run 'pod install' or update your CocoaPods installation.\" >&2\n    exit 1\nfi\n# This output is used by Xcode 'outputs' to avoid re-running this script phase.\necho \"SUCCESS\" > \"${SCRIPT_OUTPUT_FILE_0}\"\n";
			showEnvVarsInLog = 0;
		};
/* End PBXShellScriptBuildPhase section */

/* Begin PBXSourcesBuildPhase section */
		1A12389B28D87204001740F0 /* Sources */ = {
			isa = PBXSourcesBuildPhase;
			buildActionMask = 2147483647;
			files = (
				1A30C79728FEC72500FAB9C1 /* AnimalTypeViewModel.swift in Sources */,
				1A47541328D8AE38007A1F94 /* PetfinderServiceConstants.swift in Sources */,
				1A47540928D8AD62007A1F94 /* SecureStore.swift in Sources */,
				1A47542228D8CE3A007A1F94 /* AnimalTypes.swift in Sources */,
				1A47541A28D8B119007A1F94 /* PetserviceApiRouter.swift in Sources */,
				1A47540828D8AD62007A1F94 /* SecureStoreError.swift in Sources */,
				1A47541128D8AE38007A1F94 /* PetfinderAccessToken.swift in Sources */,
				1A1238A728D87204001740F0 /* HomeViewController.swift in Sources */,
				1A47541928D8B119007A1F94 /* PetfinderAPIManager.swift in Sources */,
				1A47540A28D8AD62007A1F94 /* SecureStoreQueryable.swift in Sources */,
				1A1238A328D87204001740F0 /* AppDelegate.swift in Sources */,
				1A47541228D8AE38007A1F94 /* TokenManager.swift in Sources */,
			);
			runOnlyForDeploymentPostprocessing = 0;
		};
		1A1238B128D87205001740F0 /* Sources */ = {
			isa = PBXSourcesBuildPhase;
			buildActionMask = 2147483647;
			files = (
				1A1238BA28D87205001740F0 /* PetFinderTests.swift in Sources */,
			);
			runOnlyForDeploymentPostprocessing = 0;
		};
		1A1238BB28D87205001740F0 /* Sources */ = {
			isa = PBXSourcesBuildPhase;
			buildActionMask = 2147483647;
			files = (
				1A1238C628D87205001740F0 /* PetFinderUITestsLaunchTests.swift in Sources */,
				1A1238C428D87205001740F0 /* PetFinderUITests.swift in Sources */,
			);
			runOnlyForDeploymentPostprocessing = 0;
		};
/* End PBXSourcesBuildPhase section */

/* Begin PBXTargetDependency section */
		1A1238B728D87205001740F0 /* PBXTargetDependency */ = {
			isa = PBXTargetDependency;
			target = 1A12389E28D87204001740F0 /* PetFinder */;
			targetProxy = 1A1238B628D87205001740F0 /* PBXContainerItemProxy */;
		};
		1A1238C128D87205001740F0 /* PBXTargetDependency */ = {
			isa = PBXTargetDependency;
			target = 1A12389E28D87204001740F0 /* PetFinder */;
			targetProxy = 1A1238C028D87205001740F0 /* PBXContainerItemProxy */;
		};
/* End PBXTargetDependency section */

/* Begin PBXVariantGroup section */
		1A1238AD28D87205001740F0 /* LaunchScreen.storyboard */ = {
			isa = PBXVariantGroup;
			children = (
				1A1238AE28D87205001740F0 /* Base */,
			);
			name = LaunchScreen.storyboard;
			sourceTree = "<group>";
		};
/* End PBXVariantGroup section */

/* Begin XCBuildConfiguration section */
		1A1238C728D87205001740F0 /* Debug */ = {
			isa = XCBuildConfiguration;
			baseConfigurationReference = 1A4753F228D88DE8007A1F94 /* PetfinderApiConfig.xcconfig */;
			buildSettings = {
				ALWAYS_SEARCH_USER_PATHS = NO;
				CLANG_ANALYZER_NONNULL = YES;
				CLANG_ANALYZER_NUMBER_OBJECT_CONVERSION = YES_AGGRESSIVE;
				CLANG_CXX_LANGUAGE_STANDARD = "gnu++20";
				CLANG_ENABLE_MODULES = YES;
				CLANG_ENABLE_OBJC_ARC = YES;
				CLANG_ENABLE_OBJC_WEAK = YES;
				CLANG_WARN_BLOCK_CAPTURE_AUTORELEASING = YES;
				CLANG_WARN_BOOL_CONVERSION = YES;
				CLANG_WARN_COMMA = YES;
				CLANG_WARN_CONSTANT_CONVERSION = YES;
				CLANG_WARN_DEPRECATED_OBJC_IMPLEMENTATIONS = YES;
				CLANG_WARN_DIRECT_OBJC_ISA_USAGE = YES_ERROR;
				CLANG_WARN_DOCUMENTATION_COMMENTS = YES;
				CLANG_WARN_EMPTY_BODY = YES;
				CLANG_WARN_ENUM_CONVERSION = YES;
				CLANG_WARN_INFINITE_RECURSION = YES;
				CLANG_WARN_INT_CONVERSION = YES;
				CLANG_WARN_NON_LITERAL_NULL_CONVERSION = YES;
				CLANG_WARN_OBJC_IMPLICIT_RETAIN_SELF = YES;
				CLANG_WARN_OBJC_LITERAL_CONVERSION = YES;
				CLANG_WARN_OBJC_ROOT_CLASS = YES_ERROR;
				CLANG_WARN_QUOTED_INCLUDE_IN_FRAMEWORK_HEADER = YES;
				CLANG_WARN_RANGE_LOOP_ANALYSIS = YES;
				CLANG_WARN_STRICT_PROTOTYPES = YES;
				CLANG_WARN_SUSPICIOUS_MOVE = YES;
				CLANG_WARN_UNGUARDED_AVAILABILITY = YES_AGGRESSIVE;
				CLANG_WARN_UNREACHABLE_CODE = YES;
				CLANG_WARN__DUPLICATE_METHOD_MATCH = YES;
				COPY_PHASE_STRIP = NO;
				DEBUG_INFORMATION_FORMAT = dwarf;
				ENABLE_STRICT_OBJC_MSGSEND = YES;
				ENABLE_TESTABILITY = YES;
				GCC_C_LANGUAGE_STANDARD = gnu11;
				GCC_DYNAMIC_NO_PIC = NO;
				GCC_NO_COMMON_BLOCKS = YES;
				GCC_OPTIMIZATION_LEVEL = 0;
				GCC_PREPROCESSOR_DEFINITIONS = (
					"DEBUG=1",
					"$(inherited)",
				);
				GCC_WARN_64_TO_32_BIT_CONVERSION = YES;
				GCC_WARN_ABOUT_RETURN_TYPE = YES_ERROR;
				GCC_WARN_UNDECLARED_SELECTOR = YES;
				GCC_WARN_UNINITIALIZED_AUTOS = YES_AGGRESSIVE;
				GCC_WARN_UNUSED_FUNCTION = YES;
				GCC_WARN_UNUSED_VARIABLE = YES;
				IPHONEOS_DEPLOYMENT_TARGET = 16.0;
				MTL_ENABLE_DEBUG_INFO = INCLUDE_SOURCE;
				MTL_FAST_MATH = YES;
				ONLY_ACTIVE_ARCH = YES;
				SDKROOT = iphoneos;
				SWIFT_ACTIVE_COMPILATION_CONDITIONS = DEBUG;
				SWIFT_OPTIMIZATION_LEVEL = "-Onone";
			};
			name = Debug;
		};
		1A1238C828D87205001740F0 /* Release */ = {
			isa = XCBuildConfiguration;
			baseConfigurationReference = 1A4753F228D88DE8007A1F94 /* PetfinderApiConfig.xcconfig */;
			buildSettings = {
				ALWAYS_SEARCH_USER_PATHS = NO;
				CLANG_ANALYZER_NONNULL = YES;
				CLANG_ANALYZER_NUMBER_OBJECT_CONVERSION = YES_AGGRESSIVE;
				CLANG_CXX_LANGUAGE_STANDARD = "gnu++20";
				CLANG_ENABLE_MODULES = YES;
				CLANG_ENABLE_OBJC_ARC = YES;
				CLANG_ENABLE_OBJC_WEAK = YES;
				CLANG_WARN_BLOCK_CAPTURE_AUTORELEASING = YES;
				CLANG_WARN_BOOL_CONVERSION = YES;
				CLANG_WARN_COMMA = YES;
				CLANG_WARN_CONSTANT_CONVERSION = YES;
				CLANG_WARN_DEPRECATED_OBJC_IMPLEMENTATIONS = YES;
				CLANG_WARN_DIRECT_OBJC_ISA_USAGE = YES_ERROR;
				CLANG_WARN_DOCUMENTATION_COMMENTS = YES;
				CLANG_WARN_EMPTY_BODY = YES;
				CLANG_WARN_ENUM_CONVERSION = YES;
				CLANG_WARN_INFINITE_RECURSION = YES;
				CLANG_WARN_INT_CONVERSION = YES;
				CLANG_WARN_NON_LITERAL_NULL_CONVERSION = YES;
				CLANG_WARN_OBJC_IMPLICIT_RETAIN_SELF = YES;
				CLANG_WARN_OBJC_LITERAL_CONVERSION = YES;
				CLANG_WARN_OBJC_ROOT_CLASS = YES_ERROR;
				CLANG_WARN_QUOTED_INCLUDE_IN_FRAMEWORK_HEADER = YES;
				CLANG_WARN_RANGE_LOOP_ANALYSIS = YES;
				CLANG_WARN_STRICT_PROTOTYPES = YES;
				CLANG_WARN_SUSPICIOUS_MOVE = YES;
				CLANG_WARN_UNGUARDED_AVAILABILITY = YES_AGGRESSIVE;
				CLANG_WARN_UNREACHABLE_CODE = YES;
				CLANG_WARN__DUPLICATE_METHOD_MATCH = YES;
				COPY_PHASE_STRIP = NO;
				DEBUG_INFORMATION_FORMAT = "dwarf-with-dsym";
				ENABLE_NS_ASSERTIONS = NO;
				ENABLE_STRICT_OBJC_MSGSEND = YES;
				GCC_C_LANGUAGE_STANDARD = gnu11;
				GCC_NO_COMMON_BLOCKS = YES;
				GCC_WARN_64_TO_32_BIT_CONVERSION = YES;
				GCC_WARN_ABOUT_RETURN_TYPE = YES_ERROR;
				GCC_WARN_UNDECLARED_SELECTOR = YES;
				GCC_WARN_UNINITIALIZED_AUTOS = YES_AGGRESSIVE;
				GCC_WARN_UNUSED_FUNCTION = YES;
				GCC_WARN_UNUSED_VARIABLE = YES;
				IPHONEOS_DEPLOYMENT_TARGET = 16.0;
				MTL_ENABLE_DEBUG_INFO = NO;
				MTL_FAST_MATH = YES;
				SDKROOT = iphoneos;
				SWIFT_COMPILATION_MODE = wholemodule;
				SWIFT_OPTIMIZATION_LEVEL = "-O";
				VALIDATE_PRODUCT = YES;
			};
			name = Release;
		};
		1A1238CA28D87205001740F0 /* Debug */ = {
			isa = XCBuildConfiguration;
			baseConfigurationReference = 8A0BAE81F32EF643912804B4 /* Pods-PetFinder.debug.xcconfig */;
			buildSettings = {
				ASSETCATALOG_COMPILER_APPICON_NAME = AppIcon;
				ASSETCATALOG_COMPILER_GLOBAL_ACCENT_COLOR_NAME = AccentColor;
				CODE_SIGN_STYLE = Automatic;
				CURRENT_PROJECT_VERSION = 1;
				DEVELOPMENT_TEAM = V427YLBNBU;
				GENERATE_INFOPLIST_FILE = YES;
				INFOPLIST_FILE = PetFinder/Info.plist;
				INFOPLIST_KEY_UIApplicationSupportsIndirectInputEvents = YES;
				INFOPLIST_KEY_UILaunchStoryboardName = LaunchScreen.storyboard;
				INFOPLIST_KEY_UISupportedInterfaceOrientations_iPad = "UIInterfaceOrientationPortrait UIInterfaceOrientationPortraitUpsideDown UIInterfaceOrientationLandscapeLeft UIInterfaceOrientationLandscapeRight";
				INFOPLIST_KEY_UISupportedInterfaceOrientations_iPhone = "UIInterfaceOrientationPortrait UIInterfaceOrientationLandscapeLeft UIInterfaceOrientationLandscapeRight";
				LD_RUNPATH_SEARCH_PATHS = (
					"$(inherited)",
					"@executable_path/Frameworks",
				);
				MARKETING_VERSION = 1.0;
				PRODUCT_BUNDLE_IDENTIFIER = com.jmaronde.PetFinder;
				PRODUCT_NAME = "$(TARGET_NAME)";
				SWIFT_EMIT_LOC_STRINGS = YES;
				SWIFT_VERSION = 5.0;
				TARGETED_DEVICE_FAMILY = "1,2";
			};
			name = Debug;
		};
		1A1238CB28D87205001740F0 /* Release */ = {
			isa = XCBuildConfiguration;
			baseConfigurationReference = FE6C9E669AC2A55D1B3172D2 /* Pods-PetFinder.release.xcconfig */;
			buildSettings = {
				ASSETCATALOG_COMPILER_APPICON_NAME = AppIcon;
				ASSETCATALOG_COMPILER_GLOBAL_ACCENT_COLOR_NAME = AccentColor;
				CODE_SIGN_STYLE = Automatic;
				CURRENT_PROJECT_VERSION = 1;
				DEVELOPMENT_TEAM = V427YLBNBU;
				GENERATE_INFOPLIST_FILE = YES;
				INFOPLIST_FILE = PetFinder/Info.plist;
				INFOPLIST_KEY_UIApplicationSupportsIndirectInputEvents = YES;
				INFOPLIST_KEY_UILaunchStoryboardName = LaunchScreen.storyboard;
				INFOPLIST_KEY_UISupportedInterfaceOrientations_iPad = "UIInterfaceOrientationPortrait UIInterfaceOrientationPortraitUpsideDown UIInterfaceOrientationLandscapeLeft UIInterfaceOrientationLandscapeRight";
				INFOPLIST_KEY_UISupportedInterfaceOrientations_iPhone = "UIInterfaceOrientationPortrait UIInterfaceOrientationLandscapeLeft UIInterfaceOrientationLandscapeRight";
				LD_RUNPATH_SEARCH_PATHS = (
					"$(inherited)",
					"@executable_path/Frameworks",
				);
				MARKETING_VERSION = 1.0;
				PRODUCT_BUNDLE_IDENTIFIER = com.jmaronde.PetFinder;
				PRODUCT_NAME = "$(TARGET_NAME)";
				SWIFT_EMIT_LOC_STRINGS = YES;
				SWIFT_VERSION = 5.0;
				TARGETED_DEVICE_FAMILY = "1,2";
			};
			name = Release;
		};
		1A1238CD28D87205001740F0 /* Debug */ = {
			isa = XCBuildConfiguration;
			baseConfigurationReference = 65C1EAF82CB872156C9431E7 /* Pods-PetFinderTests.debug.xcconfig */;
			buildSettings = {
				ALWAYS_EMBED_SWIFT_STANDARD_LIBRARIES = YES;
				BUNDLE_LOADER = "$(TEST_HOST)";
				CODE_SIGN_STYLE = Automatic;
				CURRENT_PROJECT_VERSION = 1;
				DEVELOPMENT_TEAM = V427YLBNBU;
				GENERATE_INFOPLIST_FILE = YES;
				IPHONEOS_DEPLOYMENT_TARGET = 16.0;
				MARKETING_VERSION = 1.0;
				PRODUCT_BUNDLE_IDENTIFIER = com.jmaronde.PetFinderTests;
				PRODUCT_NAME = "$(TARGET_NAME)";
				SWIFT_EMIT_LOC_STRINGS = NO;
				SWIFT_VERSION = 5.0;
				TARGETED_DEVICE_FAMILY = "1,2";
				TEST_HOST = "$(BUILT_PRODUCTS_DIR)/PetFinder.app/$(BUNDLE_EXECUTABLE_FOLDER_PATH)/PetFinder";
			};
			name = Debug;
		};
		1A1238CE28D87205001740F0 /* Release */ = {
			isa = XCBuildConfiguration;
			baseConfigurationReference = 843876AAEA081379E7E13114 /* Pods-PetFinderTests.release.xcconfig */;
			buildSettings = {
				ALWAYS_EMBED_SWIFT_STANDARD_LIBRARIES = YES;
				BUNDLE_LOADER = "$(TEST_HOST)";
				CODE_SIGN_STYLE = Automatic;
				CURRENT_PROJECT_VERSION = 1;
				DEVELOPMENT_TEAM = V427YLBNBU;
				GENERATE_INFOPLIST_FILE = YES;
				IPHONEOS_DEPLOYMENT_TARGET = 16.0;
				MARKETING_VERSION = 1.0;
				PRODUCT_BUNDLE_IDENTIFIER = com.jmaronde.PetFinderTests;
				PRODUCT_NAME = "$(TARGET_NAME)";
				SWIFT_EMIT_LOC_STRINGS = NO;
				SWIFT_VERSION = 5.0;
				TARGETED_DEVICE_FAMILY = "1,2";
				TEST_HOST = "$(BUILT_PRODUCTS_DIR)/PetFinder.app/$(BUNDLE_EXECUTABLE_FOLDER_PATH)/PetFinder";
			};
			name = Release;
		};
		1A1238D028D87205001740F0 /* Debug */ = {
			isa = XCBuildConfiguration;
			baseConfigurationReference = 27B9B209C27B02866B3EE0F9 /* Pods-PetFinder-PetFinderUITests.debug.xcconfig */;
			buildSettings = {
				ALWAYS_EMBED_SWIFT_STANDARD_LIBRARIES = YES;
				CODE_SIGN_STYLE = Automatic;
				CURRENT_PROJECT_VERSION = 1;
				DEVELOPMENT_TEAM = V427YLBNBU;
				GENERATE_INFOPLIST_FILE = YES;
				MARKETING_VERSION = 1.0;
				PRODUCT_BUNDLE_IDENTIFIER = com.jmaronde.PetFinderUITests;
				PRODUCT_NAME = "$(TARGET_NAME)";
				SWIFT_EMIT_LOC_STRINGS = NO;
				SWIFT_VERSION = 5.0;
				TARGETED_DEVICE_FAMILY = "1,2";
				TEST_TARGET_NAME = PetFinder;
			};
			name = Debug;
		};
		1A1238D128D87205001740F0 /* Release */ = {
			isa = XCBuildConfiguration;
			baseConfigurationReference = BB6FD319401E20B860042892 /* Pods-PetFinder-PetFinderUITests.release.xcconfig */;
			buildSettings = {
				ALWAYS_EMBED_SWIFT_STANDARD_LIBRARIES = YES;
				CODE_SIGN_STYLE = Automatic;
				CURRENT_PROJECT_VERSION = 1;
				DEVELOPMENT_TEAM = V427YLBNBU;
				GENERATE_INFOPLIST_FILE = YES;
				MARKETING_VERSION = 1.0;
				PRODUCT_BUNDLE_IDENTIFIER = com.jmaronde.PetFinderUITests;
				PRODUCT_NAME = "$(TARGET_NAME)";
				SWIFT_EMIT_LOC_STRINGS = NO;
				SWIFT_VERSION = 5.0;
				TARGETED_DEVICE_FAMILY = "1,2";
				TEST_TARGET_NAME = PetFinder;
			};
			name = Release;
		};
/* End XCBuildConfiguration section */

/* Begin XCConfigurationList section */
		1A12389A28D87204001740F0 /* Build configuration list for PBXProject "PetFinder" */ = {
			isa = XCConfigurationList;
			buildConfigurations = (
				1A1238C728D87205001740F0 /* Debug */,
				1A1238C828D87205001740F0 /* Release */,
			);
			defaultConfigurationIsVisible = 0;
			defaultConfigurationName = Release;
		};
		1A1238C928D87205001740F0 /* Build configuration list for PBXNativeTarget "PetFinder" */ = {
			isa = XCConfigurationList;
			buildConfigurations = (
				1A1238CA28D87205001740F0 /* Debug */,
				1A1238CB28D87205001740F0 /* Release */,
			);
			defaultConfigurationIsVisible = 0;
			defaultConfigurationName = Release;
		};
		1A1238CC28D87205001740F0 /* Build configuration list for PBXNativeTarget "PetFinderTests" */ = {
			isa = XCConfigurationList;
			buildConfigurations = (
				1A1238CD28D87205001740F0 /* Debug */,
				1A1238CE28D87205001740F0 /* Release */,
			);
			defaultConfigurationIsVisible = 0;
			defaultConfigurationName = Release;
		};
		1A1238CF28D87205001740F0 /* Build configuration list for PBXNativeTarget "PetFinderUITests" */ = {
			isa = XCConfigurationList;
			buildConfigurations = (
				1A1238D028D87205001740F0 /* Debug */,
				1A1238D128D87205001740F0 /* Release */,
			);
			defaultConfigurationIsVisible = 0;
			defaultConfigurationName = Release;
		};
/* End XCConfigurationList section */
	};
	rootObject = 1A12389728D87204001740F0 /* Project object */;
}
